// !$*UTF8*$!
{
	archiveVersion = 1;
	classes = {
	};
	objectVersion = 46;
	objects = {

/* Begin PBXBuildFile section */
		15F8456EEF1A40E5312DBCC0 /* Pods_ApPet.framework in Frameworks */ = {isa = PBXBuildFile; fileRef = 75875FDF6572283C5C402E4A /* Pods_ApPet.framework */; };
		6DEDB3FC1FA41E1500E0CD0A /* AppDelegate.swift in Sources */ = {isa = PBXBuildFile; fileRef = 6DEDB3FB1FA41E1500E0CD0A /* AppDelegate.swift */; };
		6DEDB3FE1FA41E1500E0CD0A /* ViewController.swift in Sources */ = {isa = PBXBuildFile; fileRef = 6DEDB3FD1FA41E1500E0CD0A /* ViewController.swift */; };
		6DEDB4011FA41E1500E0CD0A /* Main.storyboard in Resources */ = {isa = PBXBuildFile; fileRef = 6DEDB3FF1FA41E1500E0CD0A /* Main.storyboard */; };
		6DEDB4031FA41E1500E0CD0A /* Assets.xcassets in Resources */ = {isa = PBXBuildFile; fileRef = 6DEDB4021FA41E1500E0CD0A /* Assets.xcassets */; };
		6DEDB4061FA41E1500E0CD0A /* LaunchScreen.storyboard in Resources */ = {isa = PBXBuildFile; fileRef = 6DEDB4041FA41E1500E0CD0A /* LaunchScreen.storyboard */; };
		6DEDB40E1FA464B100E0CD0A /* LoginViewController.swift in Sources */ = {isa = PBXBuildFile; fileRef = 6DEDB40D1FA464B100E0CD0A /* LoginViewController.swift */; };
		6DEDB4101FA46F2800E0CD0A /* SignUpViewController.swift in Sources */ = {isa = PBXBuildFile; fileRef = 6DEDB40F1FA46F2800E0CD0A /* SignUpViewController.swift */; };
		6DEDB4121FA479CA00E0CD0A /* AddPetViewController.swift in Sources */ = {isa = PBXBuildFile; fileRef = 6DEDB4111FA479CA00E0CD0A /* AddPetViewController.swift */; };
		6DEDB4141FA5143F00E0CD0A /* AdopcionViewController.swift in Sources */ = {isa = PBXBuildFile; fileRef = 6DEDB4131FA5143F00E0CD0A /* AdopcionViewController.swift */; };
/* End PBXBuildFile section */

/* Begin PBXFileReference section */
		6DEDB3F81FA41E1500E0CD0A /* ApPet.app */ = {isa = PBXFileReference; explicitFileType = wrapper.application; includeInIndex = 0; path = ApPet.app; sourceTree = BUILT_PRODUCTS_DIR; };
		6DEDB3FB1FA41E1500E0CD0A /* AppDelegate.swift */ = {isa = PBXFileReference; lastKnownFileType = sourcecode.swift; path = AppDelegate.swift; sourceTree = "<group>"; };
		6DEDB3FD1FA41E1500E0CD0A /* ViewController.swift */ = {isa = PBXFileReference; lastKnownFileType = sourcecode.swift; path = ViewController.swift; sourceTree = "<group>"; };
		6DEDB4001FA41E1500E0CD0A /* Base */ = {isa = PBXFileReference; lastKnownFileType = file.storyboard; name = Base; path = Base.lproj/Main.storyboard; sourceTree = "<group>"; };
		6DEDB4021FA41E1500E0CD0A /* Assets.xcassets */ = {isa = PBXFileReference; lastKnownFileType = folder.assetcatalog; path = Assets.xcassets; sourceTree = "<group>"; };
		6DEDB4051FA41E1500E0CD0A /* Base */ = {isa = PBXFileReference; lastKnownFileType = file.storyboard; name = Base; path = Base.lproj/LaunchScreen.storyboard; sourceTree = "<group>"; };
		6DEDB4071FA41E1500E0CD0A /* Info.plist */ = {isa = PBXFileReference; lastKnownFileType = text.plist.xml; path = Info.plist; sourceTree = "<group>"; };
		6DEDB40D1FA464B100E0CD0A /* LoginViewController.swift */ = {isa = PBXFileReference; fileEncoding = 4; lastKnownFileType = sourcecode.swift; path = LoginViewController.swift; sourceTree = "<group>"; };
		6DEDB40F1FA46F2800E0CD0A /* SignUpViewController.swift */ = {isa = PBXFileReference; fileEncoding = 4; lastKnownFileType = sourcecode.swift; path = SignUpViewController.swift; sourceTree = "<group>"; };
		6DEDB4111FA479CA00E0CD0A /* AddPetViewController.swift */ = {isa = PBXFileReference; fileEncoding = 4; lastKnownFileType = sourcecode.swift; path = AddPetViewController.swift; sourceTree = "<group>"; };
		6DEDB4131FA5143F00E0CD0A /* AdopcionViewController.swift */ = {isa = PBXFileReference; fileEncoding = 4; lastKnownFileType = sourcecode.swift; path = AdopcionViewController.swift; sourceTree = "<group>"; };
		75875FDF6572283C5C402E4A /* Pods_ApPet.framework */ = {isa = PBXFileReference; explicitFileType = wrapper.framework; includeInIndex = 0; path = Pods_ApPet.framework; sourceTree = BUILT_PRODUCTS_DIR; };
		8CCD9F8F14FFEA1F87EC3FEB /* Pods-ApPet.release.xcconfig */ = {isa = PBXFileReference; includeInIndex = 1; lastKnownFileType = text.xcconfig; name = "Pods-ApPet.release.xcconfig"; path = "Pods/Target Support Files/Pods-ApPet/Pods-ApPet.release.xcconfig"; sourceTree = "<group>"; };
		C02BD9C20A4BEBD8E517169E /* Pods-ApPet.debug.xcconfig */ = {isa = PBXFileReference; includeInIndex = 1; lastKnownFileType = text.xcconfig; name = "Pods-ApPet.debug.xcconfig"; path = "Pods/Target Support Files/Pods-ApPet/Pods-ApPet.debug.xcconfig"; sourceTree = "<group>"; };
/* End PBXFileReference section */

/* Begin PBXFrameworksBuildPhase section */
		6DEDB3F51FA41E1400E0CD0A /* Frameworks */ = {
			isa = PBXFrameworksBuildPhase;
			buildActionMask = 2147483647;
			files = (
				15F8456EEF1A40E5312DBCC0 /* Pods_ApPet.framework in Frameworks */,
			);
			runOnlyForDeploymentPostprocessing = 0;
		};
/* End PBXFrameworksBuildPhase section */

/* Begin PBXGroup section */
		6DEDB3EF1FA41E1400E0CD0A = {
			isa = PBXGroup;
			children = (
				6DEDB3FA1FA41E1500E0CD0A /* ApPet */,
				6DEDB3F91FA41E1500E0CD0A /* Products */,
				8C2402A993CEDEDAF77479B4 /* Pods */,
				A80D166C18C0E3B571179B64 /* Frameworks */,
			);
			sourceTree = "<group>";
		};
		6DEDB3F91FA41E1500E0CD0A /* Products */ = {
			isa = PBXGroup;
			children = (
				6DEDB3F81FA41E1500E0CD0A /* ApPet.app */,
			);
			name = Products;
			sourceTree = "<group>";
		};
		6DEDB3FA1FA41E1500E0CD0A /* ApPet */ = {
			isa = PBXGroup;
			children = (
				6DEDB3FB1FA41E1500E0CD0A /* AppDelegate.swift */,
				6DEDB3FD1FA41E1500E0CD0A /* ViewController.swift */,
				6DEDB40D1FA464B100E0CD0A /* LoginViewController.swift */,
				6DEDB40F1FA46F2800E0CD0A /* SignUpViewController.swift */,
				6DEDB4111FA479CA00E0CD0A /* AddPetViewController.swift */,
				6DEDB4131FA5143F00E0CD0A /* AdopcionViewController.swift */,
				6DEDB3FF1FA41E1500E0CD0A /* Main.storyboard */,
				6DEDB4021FA41E1500E0CD0A /* Assets.xcassets */,
				6DEDB4041FA41E1500E0CD0A /* LaunchScreen.storyboard */,
				6DEDB4071FA41E1500E0CD0A /* Info.plist */,
			);
			path = ApPet;
			sourceTree = "<group>";
		};
		8C2402A993CEDEDAF77479B4 /* Pods */ = {
			isa = PBXGroup;
			children = (
				C02BD9C20A4BEBD8E517169E /* Pods-ApPet.debug.xcconfig */,
				8CCD9F8F14FFEA1F87EC3FEB /* Pods-ApPet.release.xcconfig */,
			);
			name = Pods;
			sourceTree = "<group>";
		};
		A80D166C18C0E3B571179B64 /* Frameworks */ = {
			isa = PBXGroup;
			children = (
				75875FDF6572283C5C402E4A /* Pods_ApPet.framework */,
			);
			name = Frameworks;
			sourceTree = "<group>";
		};
/* End PBXGroup section */

/* Begin PBXNativeTarget section */
		6DEDB3F71FA41E1400E0CD0A /* ApPet */ = {
			isa = PBXNativeTarget;
			buildConfigurationList = 6DEDB40A1FA41E1500E0CD0A /* Build configuration list for PBXNativeTarget "ApPet" */;
			buildPhases = (
				9996AEB195C8856DAC4C291B /* [CP] Check Pods Manifest.lock */,
				6DEDB3F41FA41E1400E0CD0A /* Sources */,
				6DEDB3F51FA41E1400E0CD0A /* Frameworks */,
				6DEDB3F61FA41E1400E0CD0A /* Resources */,
				B11B9B24888B66C5B8A285CA /* [CP] Embed Pods Frameworks */,
				DFC71B7D37D1CD931DF796BE /* [CP] Copy Pods Resources */,
			);
			buildRules = (
			);
			dependencies = (
			);
			name = ApPet;
			productName = ApPet;
			productReference = 6DEDB3F81FA41E1500E0CD0A /* ApPet.app */;
			productType = "com.apple.product-type.application";
		};
/* End PBXNativeTarget section */

/* Begin PBXProject section */
		6DEDB3F01FA41E1400E0CD0A /* Project object */ = {
			isa = PBXProject;
			attributes = {
				LastSwiftUpdateCheck = 0820;
				LastUpgradeCheck = 0820;
				ORGANIZATIONNAME = "Raul Villarreal";
				TargetAttributes = {
					6DEDB3F71FA41E1400E0CD0A = {
						CreatedOnToolsVersion = 8.2.1;
						DevelopmentTeam = YGWMXZR283;
						ProvisioningStyle = Automatic;
					};
				};
			};
			buildConfigurationList = 6DEDB3F31FA41E1400E0CD0A /* Build configuration list for PBXProject "ApPet" */;
			compatibilityVersion = "Xcode 3.2";
			developmentRegion = English;
			hasScannedForEncodings = 0;
			knownRegions = (
				en,
				Base,
			);
			mainGroup = 6DEDB3EF1FA41E1400E0CD0A;
			productRefGroup = 6DEDB3F91FA41E1500E0CD0A /* Products */;
			projectDirPath = "";
			projectRoot = "";
			targets = (
				6DEDB3F71FA41E1400E0CD0A /* ApPet */,
			);
		};
/* End PBXProject section */

/* Begin PBXResourcesBuildPhase section */
		6DEDB3F61FA41E1400E0CD0A /* Resources */ = {
			isa = PBXResourcesBuildPhase;
			buildActionMask = 2147483647;
			files = (
				6DEDB4061FA41E1500E0CD0A /* LaunchScreen.storyboard in Resources */,
				6DEDB4031FA41E1500E0CD0A /* Assets.xcassets in Resources */,
				6DEDB4011FA41E1500E0CD0A /* Main.storyboard in Resources */,
			);
			runOnlyForDeploymentPostprocessing = 0;
		};
/* End PBXResourcesBuildPhase section */

/* Begin PBXShellScriptBuildPhase section */
		9996AEB195C8856DAC4C291B /* [CP] Check Pods Manifest.lock */ = {
			isa = PBXShellScriptBuildPhase;
			buildActionMask = 2147483647;
			files = (
			);
			inputPaths = (
				"${PODS_PODFILE_DIR_PATH}/Podfile.lock",
				"${PODS_ROOT}/Manifest.lock",
			);
			name = "[CP] Check Pods Manifest.lock";
			outputPaths = (
				"$(DERIVED_FILE_DIR)/Pods-ApPet-checkManifestLockResult.txt",
			);
			runOnlyForDeploymentPostprocessing = 0;
			shellPath = /bin/sh;
			shellScript = "diff \"${PODS_PODFILE_DIR_PATH}/Podfile.lock\" \"${PODS_ROOT}/Manifest.lock\" > /dev/null\nif [ $? != 0 ] ; then\n    # print error to STDERR\n    echo \"error: The sandbox is not in sync with the Podfile.lock. Run 'pod install' or update your CocoaPods installation.\" >&2\n    exit 1\nfi\n# This output is used by Xcode 'outputs' to avoid re-running this script phase.\necho \"SUCCESS\" > \"${SCRIPT_OUTPUT_FILE_0}\"\n";
			showEnvVarsInLog = 0;
		};
		B11B9B24888B66C5B8A285CA /* [CP] Embed Pods Frameworks */ = {
			isa = PBXShellScriptBuildPhase;
			buildActionMask = 2147483647;
			files = (
			);
			inputPaths = (
				"${SRCROOT}/Pods/Target Support Files/Pods-ApPet/Pods-ApPet-frameworks.sh",
				"${BUILT_PRODUCTS_DIR}/IQKeyboardManagerSwift/IQKeyboardManagerSwift.framework",
			);
			name = "[CP] Embed Pods Frameworks";
			outputPaths = (
				"${TARGET_BUILD_DIR}/${FRAMEWORKS_FOLDER_PATH}/IQKeyboardManagerSwift.framework",
			);
			runOnlyForDeploymentPostprocessing = 0;
			shellPath = /bin/sh;
			shellScript = "\"${SRCROOT}/Pods/Target Support Files/Pods-ApPet/Pods-ApPet-frameworks.sh\"\n";
			showEnvVarsInLog = 0;
		};
		DFC71B7D37D1CD931DF796BE /* [CP] Copy Pods Resources */ = {
			isa = PBXShellScriptBuildPhase;
			buildActionMask = 2147483647;
			files = (
			);
			inputPaths = (
			);
			name = "[CP] Copy Pods Resources";
			outputPaths = (
			);
			runOnlyForDeploymentPostprocessing = 0;
			shellPath = /bin/sh;
			shellScript = "\"${SRCROOT}/Pods/Target Support Files/Pods-ApPet/Pods-ApPet-resources.sh\"\n";
			showEnvVarsInLog = 0;
		};
/* End PBXShellScriptBuildPhase section */

/* Begin PBXSourcesBuildPhase section */
		6DEDB3F41FA41E1400E0CD0A /* Sources */ = {
			isa = PBXSourcesBuildPhase;
			buildActionMask = 2147483647;
			files = (
				6DEDB40E1FA464B100E0CD0A /* LoginViewController.swift in Sources */,
				6DEDB3FE1FA41E1500E0CD0A /* ViewController.swift in Sources */,
				6DEDB4121FA479CA00E0CD0A /* AddPetViewController.swift in Sources */,
				6DEDB4101FA46F2800E0CD0A /* SignUpViewController.swift in Sources */,
				6DEDB3FC1FA41E1500E0CD0A /* AppDelegate.swift in Sources */,
				6DEDB4141FA5143F00E0CD0A /* AdopcionViewController.swift in Sources */,
			);
			runOnlyForDeploymentPostprocessing = 0;
		};
/* End PBXSourcesBuildPhase section */

/* Begin PBXVariantGroup section */
		6DEDB3FF1FA41E1500E0CD0A /* Main.storyboard */ = {
			isa = PBXVariantGroup;
			children = (
				6DEDB4001FA41E1500E0CD0A /* Base */,
			);
			name = Main.storyboard;
			sourceTree = "<group>";
		};
		6DEDB4041FA41E1500E0CD0A /* LaunchScreen.storyboard */ = {
			isa = PBXVariantGroup;
			children = (
				6DEDB4051FA41E1500E0CD0A /* Base */,
			);
			name = LaunchScreen.storyboard;
			sourceTree = "<group>";
		};
/* End PBXVariantGroup section */

/* Begin XCBuildConfiguration section */
		6DEDB4081FA41E1500E0CD0A /* Debug */ = {
			isa = XCBuildConfiguration;
			buildSettings = {
				ALWAYS_SEARCH_USER_PATHS = NO;
				CLANG_ANALYZER_NONNULL = YES;
				CLANG_CXX_LANGUAGE_STANDARD = "gnu++0x";
				CLANG_CXX_LIBRARY = "libc++";
				CLANG_ENABLE_MODULES = YES;
				CLANG_ENABLE_OBJC_ARC = YES;
				CLANG_WARN_BOOL_CONVERSION = YES;
				CLANG_WARN_CONSTANT_CONVERSION = YES;
				CLANG_WARN_DIRECT_OBJC_ISA_USAGE = YES_ERROR;
				CLANG_WARN_DOCUMENTATION_COMMENTS = YES;
				CLANG_WARN_EMPTY_BODY = YES;
				CLANG_WARN_ENUM_CONVERSION = YES;
				CLANG_WARN_INFINITE_RECURSION = YES;
				CLANG_WARN_INT_CONVERSION = YES;
				CLANG_WARN_OBJC_ROOT_CLASS = YES_ERROR;
				CLANG_WARN_SUSPICIOUS_MOVE = YES;
				CLANG_WARN_UNREACHABLE_CODE = YES;
				CLANG_WARN__DUPLICATE_METHOD_MATCH = YES;
				"CODE_SIGN_IDENTITY[sdk=iphoneos*]" = "iPhone Developer";
				COPY_PHASE_STRIP = NO;
				DEBUG_INFORMATION_FORMAT = dwarf;
				ENABLE_STRICT_OBJC_MSGSEND = YES;
				ENABLE_TESTABILITY = YES;
				GCC_C_LANGUAGE_STANDARD = gnu99;
				GCC_DYNAMIC_NO_PIC = NO;
				GCC_NO_COMMON_BLOCKS = YES;
				GCC_OPTIMIZATION_LEVEL = 0;
				GCC_PREPROCESSOR_DEFINITIONS = (
					"DEBUG=1",
					"$(inherited)",
				);
				GCC_WARN_64_TO_32_BIT_CONVERSION = YES;
				GCC_WARN_ABOUT_RETURN_TYPE = YES_ERROR;
				GCC_WARN_UNDECLARED_SELECTOR = YES;
				GCC_WARN_UNINITIALIZED_AUTOS = YES_AGGRESSIVE;
				GCC_WARN_UNUSED_FUNCTION = YES;
				GCC_WARN_UNUSED_VARIABLE = YES;
				IPHONEOS_DEPLOYMENT_TARGET = 10.2;
				MTL_ENABLE_DEBUG_INFO = YES;
				ONLY_ACTIVE_ARCH = YES;
				SDKROOT = iphoneos;
				SWIFT_ACTIVE_COMPILATION_CONDITIONS = DEBUG;
				SWIFT_OPTIMIZATION_LEVEL = "-Onone";
			};
			name = Debug;
		};
		6DEDB4091FA41E1500E0CD0A /* Release */ = {
			isa = XCBuildConfiguration;
			buildSettings = {
				ALWAYS_SEARCH_USER_PATHS = NO;
				CLANG_ANALYZER_NONNULL = YES;
				CLANG_CXX_LANGUAGE_STANDARD = "gnu++0x";
				CLANG_CXX_LIBRARY = "libc++";
				CLANG_ENABLE_MODULES = YES;
				CLANG_ENABLE_OBJC_ARC = YES;
				CLANG_WARN_BOOL_CONVERSION = YES;
				CLANG_WARN_CONSTANT_CONVERSION = YES;
				CLANG_WARN_DIRECT_OBJC_ISA_USAGE = YES_ERROR;
				CLANG_WARN_DOCUMENTATION_COMMENTS = YES;
				CLANG_WARN_EMPTY_BODY = YES;
				CLANG_WARN_ENUM_CONVERSION = YES;
				CLANG_WARN_INFINITE_RECURSION = YES;
				CLANG_WARN_INT_CONVERSION = YES;
				CLANG_WARN_OBJC_ROOT_CLASS = YES_ERROR;
				CLANG_WARN_SUSPICIOUS_MOVE = YES;
				CLANG_WARN_UNREACHABLE_CODE = YES;
				CLANG_WARN__DUPLICATE_METHOD_MATCH = YES;
				"CODE_SIGN_IDENTITY[sdk=iphoneos*]" = "iPhone Developer";
				COPY_PHASE_STRIP = NO;
				DEBUG_INFORMATION_FORMAT = "dwarf-with-dsym";
				ENABLE_NS_ASSERTIONS = NO;
				ENABLE_STRICT_OBJC_MSGSEND = YES;
				GCC_C_LANGUAGE_STANDARD = gnu99;
				GCC_NO_COMMON_BLOCKS = YES;
				GCC_WARN_64_TO_32_BIT_CONVERSION = YES;
				GCC_WARN_ABOUT_RETURN_TYPE = YES_ERROR;
				GCC_WARN_UNDECLARED_SELECTOR = YES;
				GCC_WARN_UNINITIALIZED_AUTOS = YES_AGGRESSIVE;
				GCC_WARN_UNUSED_FUNCTION = YES;
				GCC_WARN_UNUSED_VARIABLE = YES;
				IPHONEOS_DEPLOYMENT_TARGET = 10.2;
				MTL_ENABLE_DEBUG_INFO = NO;
				SDKROOT = iphoneos;
				SWIFT_OPTIMIZATION_LEVEL = "-Owholemodule";
				VALIDATE_PRODUCT = YES;
			};
			name = Release;
		};
		6DEDB40B1FA41E1500E0CD0A /* Debug */ = {
			isa = XCBuildConfiguration;
			baseConfigurationReference = C02BD9C20A4BEBD8E517169E /* Pods-ApPet.debug.xcconfig */;
			buildSettings = {
				ASSETCATALOG_COMPILER_APPICON_NAME = AppIcon;
				DEVELOPMENT_TEAM = YGWMXZR283;
				INFOPLIST_FILE = ApPet/Info.plist;
				LD_RUNPATH_SEARCH_PATHS = "$(inherited) @executable_path/Frameworks";
				PRODUCT_BUNDLE_IDENTIFIER = com.raulvillarreal.hackuu.ApPet;
				PRODUCT_NAME = "$(TARGET_NAME)";
				SWIFT_VERSION = 3.0;
			};
			name = Debug;
		};
		6DEDB40C1FA41E1500E0CD0A /* Release */ = {
			isa = XCBuildConfiguration;
			baseConfigurationReference = 8CCD9F8F14FFEA1F87EC3FEB /* Pods-ApPet.release.xcconfig */;
			buildSettings = {
				ASSETCATALOG_COMPILER_APPICON_NAME = AppIcon;
				DEVELOPMENT_TEAM = YGWMXZR283;
				INFOPLIST_FILE = ApPet/Info.plist;
				LD_RUNPATH_SEARCH_PATHS = "$(inherited) @executable_path/Frameworks";
				PRODUCT_BUNDLE_IDENTIFIER = com.raulvillarreal.hackuu.ApPet;
				PRODUCT_NAME = "$(TARGET_NAME)";
				SWIFT_VERSION = 3.0;
			};
			name = Release;
		};
/* End XCBuildConfiguration section */

/* Begin XCConfigurationList section */
		6DEDB3F31FA41E1400E0CD0A /* Build configuration list for PBXProject "ApPet" */ = {
			isa = XCConfigurationList;
			buildConfigurations = (
				6DEDB4081FA41E1500E0CD0A /* Debug */,
				6DEDB4091FA41E1500E0CD0A /* Release */,
			);
			defaultConfigurationIsVisible = 0;
			defaultConfigurationName = Release;
		};
		6DEDB40A1FA41E1500E0CD0A /* Build configuration list for PBXNativeTarget "ApPet" */ = {
			isa = XCConfigurationList;
			buildConfigurations = (
				6DEDB40B1FA41E1500E0CD0A /* Debug */,
				6DEDB40C1FA41E1500E0CD0A /* Release */,
			);
			defaultConfigurationIsVisible = 0;
			defaultConfigurationName = Release;
		};
/* End XCConfigurationList section */
	};
	rootObject = 6DEDB3F01FA41E1400E0CD0A /* Project object */;
}
